
Microsoft Visual Studio Solution File, Format Version 12.00
# Visual Studio 2012
Project("{F184B08F-C81C-45F6-A57F-5ABD9991F28F}") = "iw_Louis_Roebben_r0589423_mijnenveger", "iw_Louis_Roebben_r0589423_mijnenveger.vbproj", "{EF8F0E3B-C95E-45D5-8746-2CEBC142A134}"
EndProject
Global
	GlobalSection(SolutionConfigurationPlatforms) = preSolution
		Debug|Any CPU = Debug|Any CPU
		Release|Any CPU = Release|Any CPU
	EndGlobalSection
	GlobalSection(ProjectConfigurationPlatforms) = postSolution
		{EF8F0E3B-C95E-45D5-8746-2CEBC142A134}.Debug|Any CPU.ActiveCfg = Debug|Any CPU
		{EF8F0E3B-C95E-45D5-8746-2CEBC142A134}.Debug|Any CPU.Build.0 = Debug|Any CPU
		{EF8F0E3B-C95E-45D5-8746-2CEBC142A134}.Release|Any CPU.ActiveCfg = Release|Any CPU
		{EF8F0E3B-C95E-45D5-8746-2CEBC142A134}.Release|Any CPU.Build.0 = Release|Any CPU
	EndGlobalSection
	GlobalSection(SolutionProperties) = preSolution
		HideSolutionNode = FALSE
	EndGlobalSection
EndGlobal
